// !$*UTF8*$!
{
	archiveVersion = 1;
	classes = {
	};
	objectVersion = 46;
	objects = {

/* Begin PBXBuildFile section */
		101F10421CC468440082789C /* main.m in Sources */ = {isa = PBXBuildFile; fileRef = 101F10411CC468440082789C /* main.m */; };
		101F10451CC468440082789C /* AppDelegate.m in Sources */ = {isa = PBXBuildFile; fileRef = 101F10441CC468440082789C /* AppDelegate.m */; };
		101F10481CC468440082789C /* ViewController.m in Sources */ = {isa = PBXBuildFile; fileRef = 101F10471CC468440082789C /* ViewController.m */; };
		101F104B1CC468440082789C /* Main.storyboard in Resources */ = {isa = PBXBuildFile; fileRef = 101F10491CC468440082789C /* Main.storyboard */; };
		101F104E1CC468440082789C /* lunbo.xcdatamodeld in Sources */ = {isa = PBXBuildFile; fileRef = 101F104C1CC468440082789C /* lunbo.xcdatamodeld */; };
		101F10501CC468440082789C /* Assets.xcassets in Resources */ = {isa = PBXBuildFile; fileRef = 101F104F1CC468440082789C /* Assets.xcassets */; };
		101F10531CC468440082789C /* LaunchScreen.storyboard in Resources */ = {isa = PBXBuildFile; fileRef = 101F10511CC468440082789C /* LaunchScreen.storyboard */; };
		101F105E1CC468440082789C /* lunboTests.m in Sources */ = {isa = PBXBuildFile; fileRef = 101F105D1CC468440082789C /* lunboTests.m */; };
		101F10691CC468440082789C /* lunboUITests.m in Sources */ = {isa = PBXBuildFile; fileRef = 101F10681CC468440082789C /* lunboUITests.m */; };
/* End PBXBuildFile section */

/* Begin PBXContainerItemProxy section */
		101F105A1CC468440082789C /* PBXContainerItemProxy */ = {
			isa = PBXContainerItemProxy;
			containerPortal = 101F10351CC468440082789C /* Project object */;
			proxyType = 1;
			remoteGlobalIDString = 101F103C1CC468440082789C;
			remoteInfo = lunbo;
		};
		101F10651CC468440082789C /* PBXContainerItemProxy */ = {
			isa = PBXContainerItemProxy;
			containerPortal = 101F10351CC468440082789C /* Project object */;
			proxyType = 1;
			remoteGlobalIDString = 101F103C1CC468440082789C;
			remoteInfo = lunbo;
		};
/* End PBXContainerItemProxy section */

/* Begin PBXFileReference section */
		101F103D1CC468440082789C /* lunbo.app */ = {isa = PBXFileReference; explicitFileType = wrapper.application; includeInIndex = 0; path = lunbo.app; sourceTree = BUILT_PRODUCTS_DIR; };
		101F10411CC468440082789C /* main.m */ = {isa = PBXFileReference; lastKnownFileType = sourcecode.c.objc; path = main.m; sourceTree = "<group>"; };
		101F10431CC468440082789C /* AppDelegate.h */ = {isa = PBXFileReference; lastKnownFileType = sourcecode.c.h; path = AppDelegate.h; sourceTree = "<group>"; };
		101F10441CC468440082789C /* AppDelegate.m */ = {isa = PBXFileReference; lastKnownFileType = sourcecode.c.objc; path = AppDelegate.m; sourceTree = "<group>"; };
		101F10461CC468440082789C /* ViewController.h */ = {isa = PBXFileReference; lastKnownFileType = sourcecode.c.h; path = ViewController.h; sourceTree = "<group>"; };
		101F10471CC468440082789C /* ViewController.m */ = {isa = PBXFileReference; lastKnownFileType = sourcecode.c.objc; path = ViewController.m; sourceTree = "<group>"; };
		101F104A1CC468440082789C /* Base */ = {isa = PBXFileReference; lastKnownFileType = file.storyboard; name = Base; path = Base.lproj/Main.storyboard; sourceTree = "<group>"; };
		101F104D1CC468440082789C /* lunbo.xcdatamodel */ = {isa = PBXFileReference; lastKnownFileType = wrapper.xcdatamodel; path = lunbo.xcdatamodel; sourceTree = "<group>"; };
		101F104F1CC468440082789C /* Assets.xcassets */ = {isa = PBXFileReference; lastKnownFileType = folder.assetcatalog; path = Assets.xcassets; sourceTree = "<group>"; };
		101F10521CC468440082789C /* Base */ = {isa = PBXFileReference; lastKnownFileType = file.storyboard; name = Base; path = Base.lproj/LaunchScreen.storyboard; sourceTree = "<group>"; };
		101F10541CC468440082789C /* Info.plist */ = {isa = PBXFileReference; lastKnownFileType = text.plist.xml; path = Info.plist; sourceTree = "<group>"; };
		101F10591CC468440082789C /* lunboTests.xctest */ = {isa = PBXFileReference; explicitFileType = wrapper.cfbundle; includeInIndex = 0; path = lunboTests.xctest; sourceTree = BUILT_PRODUCTS_DIR; };
		101F105D1CC468440082789C /* lunboTests.m */ = {isa = PBXFileReference; lastKnownFileType = sourcecode.c.objc; path = lunboTests.m; sourceTree = "<group>"; };
		101F105F1CC468440082789C /* Info.plist */ = {isa = PBXFileReference; lastKnownFileType = text.plist.xml; path = Info.plist; sourceTree = "<group>"; };
		101F10641CC468440082789C /* lunboUITests.xctest */ = {isa = PBXFileReference; explicitFileType = wrapper.cfbundle; includeInIndex = 0; path = lunboUITests.xctest; sourceTree = BUILT_PRODUCTS_DIR; };
		101F10681CC468440082789C /* lunboUITests.m */ = {isa = PBXFileReference; lastKnownFileType = sourcecode.c.objc; path = lunboUITests.m; sourceTree = "<group>"; };
		101F106A1CC468440082789C /* Info.plist */ = {isa = PBXFileReference; lastKnownFileType = text.plist.xml; path = Info.plist; sourceTree = "<group>"; };
/* End PBXFileReference section */

/* Begin PBXFrameworksBuildPhase section */
		101F103A1CC468440082789C /* Frameworks */ = {
			isa = PBXFrameworksBuildPhase;
			buildActionMask = 2147483647;
			files = (
			);
			runOnlyForDeploymentPostprocessing = 0;
		};
		101F10561CC468440082789C /* Frameworks */ = {
			isa = PBXFrameworksBuildPhase;
			buildActionMask = 2147483647;
			files = (
			);
			runOnlyForDeploymentPostprocessing = 0;
		};
		101F10611CC468440082789C /* Frameworks */ = {
			isa = PBXFrameworksBuildPhase;
			buildActionMask = 2147483647;
			files = (
			);
			runOnlyForDeploymentPostprocessing = 0;
		};
/* End PBXFrameworksBuildPhase section */

/* Begin PBXGroup section */
		101F10341CC468440082789C = {
			isa = PBXGroup;
			children = (
				101F103F1CC468440082789C /* lunbo */,
				101F105C1CC468440082789C /* lunboTests */,
				101F10671CC468440082789C /* lunboUITests */,
				101F103E1CC468440082789C /* Products */,
			);
			sourceTree = "<group>";
		};
		101F103E1CC468440082789C /* Products */ = {
			isa = PBXGroup;
			children = (
				101F103D1CC468440082789C /* lunbo.app */,
				101F10591CC468440082789C /* lunboTests.xctest */,
				101F10641CC468440082789C /* lunboUITests.xctest */,
			);
			name = Products;
			sourceTree = "<group>";
		};
		101F103F1CC468440082789C /* lunbo */ = {
			isa = PBXGroup;
			children = (
				101F10431CC468440082789C /* AppDelegate.h */,
				101F10441CC468440082789C /* AppDelegate.m */,
				101F10461CC468440082789C /* ViewController.h */,
				101F10471CC468440082789C /* ViewController.m */,
				101F10491CC468440082789C /* Main.storyboard */,
				101F104F1CC468440082789C /* Assets.xcassets */,
				101F10511CC468440082789C /* LaunchScreen.storyboard */,
				101F10541CC468440082789C /* Info.plist */,
				101F104C1CC468440082789C /* lunbo.xcdatamodeld */,
				101F10401CC468440082789C /* Supporting Files */,
			);
			path = lunbo;
			sourceTree = "<group>";
		};
		101F10401CC468440082789C /* Supporting Files */ = {
			isa = PBXGroup;
			children = (
				101F10411CC468440082789C /* main.m */,
			);
			name = "Supporting Files";
			sourceTree = "<group>";
		};
		101F105C1CC468440082789C /* lunboTests */ = {
			isa = PBXGroup;
			children = (
				101F105D1CC468440082789C /* lunboTests.m */,
				101F105F1CC468440082789C /* Info.plist */,
			);
			path = lunboTests;
			sourceTree = "<group>";
		};
		101F10671CC468440082789C /* lunboUITests */ = {
			isa = PBXGroup;
			children = (
				101F10681CC468440082789C /* lunboUITests.m */,
				101F106A1CC468440082789C /* Info.plist */,
			);
			path = lunboUITests;
			sourceTree = "<group>";
		};
/* End PBXGroup section */

/* Begin PBXNativeTarget section */
		101F103C1CC468440082789C /* lunbo */ = {
			isa = PBXNativeTarget;
			buildConfigurationList = 101F106D1CC468440082789C /* Build configuration list for PBXNativeTarget "lunbo" */;
			buildPhases = (
				101F10391CC468440082789C /* Sources */,
				101F103A1CC468440082789C /* Frameworks */,
				101F103B1CC468440082789C /* Resources */,
			);
			buildRules = (
			);
			dependencies = (
			);
			name = lunbo;
			productName = lunbo;
			productReference = 101F103D1CC468440082789C /* lunbo.app */;
			productType = "com.apple.product-type.application";
		};
		101F10581CC468440082789C /* lunboTests */ = {
			isa = PBXNativeTarget;
			buildConfigurationList = 101F10701CC468440082789C /* Build configuration list for PBXNativeTarget "lunboTests" */;
			buildPhases = (
				101F10551CC468440082789C /* Sources */,
				101F10561CC468440082789C /* Frameworks */,
				101F10571CC468440082789C /* Resources */,
			);
			buildRules = (
			);
			dependencies = (
				101F105B1CC468440082789C /* PBXTargetDependency */,
			);
			name = lunboTests;
			productName = lunboTests;
			productReference = 101F10591CC468440082789C /* lunboTests.xctest */;
			productType = "com.apple.product-type.bundle.unit-test";
		};
		101F10631CC468440082789C /* lunboUITests */ = {
			isa = PBXNativeTarget;
			buildConfigurationList = 101F10731CC468440082789C /* Build configuration list for PBXNativeTarget "lunboUITests" */;
			buildPhases = (
				101F10601CC468440082789C /* Sources */,
				101F10611CC468440082789C /* Frameworks */,
				101F10621CC468440082789C /* Resources */,
			);
			buildRules = (
			);
			dependencies = (
				101F10661CC468440082789C /* PBXTargetDependency */,
			);
			name = lunboUITests;
			productName = lunboUITests;
			productReference = 101F10641CC468440082789C /* lunboUITests.xctest */;
			productType = "com.apple.product-type.bundle.ui-testing";
		};
/* End PBXNativeTarget section */

/* Begin PBXProject section */
		101F10351CC468440082789C /* Project object */ = {
			isa = PBXProject;
			attributes = {
				LastUpgradeCheck = 0720;
				ORGANIZATIONNAME = GBSeventh;
				TargetAttributes = {
					101F103C1CC468440082789C = {
						CreatedOnToolsVersion = 7.2;
					};
					101F10581CC468440082789C = {
						CreatedOnToolsVersion = 7.2;
						TestTargetID = 101F103C1CC468440082789C;
					};
					101F10631CC468440082789C = {
						CreatedOnToolsVersion = 7.2;
						TestTargetID = 101F103C1CC468440082789C;
					};
				};
			};
			buildConfigurationList = 101F10381CC468440082789C /* Build configuration list for PBXProject "lunbo" */;
			compatibilityVersion = "Xcode 3.2";
			developmentRegion = English;
			hasScannedForEncodings = 0;
			knownRegions = (
				en,
				Base,
			);
			mainGroup = 101F10341CC468440082789C;
			productRefGroup = 101F103E1CC468440082789C /* Products */;
			projectDirPath = "";
			projectRoot = "";
			targets = (
				101F103C1CC468440082789C /* lunbo */,
				101F10581CC468440082789C /* lunboTests */,
				101F10631CC468440082789C /* lunboUITests */,
			);
		};
/* End PBXProject section */

/* Begin PBXResourcesBuildPhase section */
		101F103B1CC468440082789C /* Resources */ = {
			isa = PBXResourcesBuildPhase;
			buildActionMask = 2147483647;
			files = (
				101F10531CC468440082789C /* LaunchScreen.storyboard in Resources */,
				101F10501CC468440082789C /* Assets.xcassets in Resources */,
				101F104B1CC468440082789C /* Main.storyboard in Resources */,
			);
			runOnlyForDeploymentPostprocessing = 0;
		};
		101F10571CC468440082789C /* Resources */ = {
			isa = PBXResourcesBuildPhase;
			buildActionMask = 2147483647;
			files = (
			);
			runOnlyForDeploymentPostprocessing = 0;
		};
		101F10621CC468440082789C /* Resources */ = {
			isa = PBXResourcesBuildPhase;
			buildActionMask = 2147483647;
			files = (
			);
			runOnlyForDeploymentPostprocessing = 0;
		};
/* End PBXResourcesBuildPhase section */

/* Begin PBXSourcesBuildPhase section */
		101F10391CC468440082789C /* Sources */ = {
			isa = PBXSourcesBuildPhase;
			buildActionMask = 2147483647;
			files = (
				101F10481CC468440082789C /* ViewController.m in Sources */,
				101F10451CC468440082789C /* AppDelegate.m in Sources */,
				101F104E1CC468440082789C /* lunbo.xcdatamodeld in Sources */,
				101F10421CC468440082789C /* main.m in Sources */,
			);
			runOnlyForDeploymentPostprocessing = 0;
		};
		101F10551CC468440082789C /* Sources */ = {
			isa = PBXSourcesBuildPhase;
			buildActionMask = 2147483647;
			files = (
				101F105E1CC468440082789C /* lunboTests.m in Sources */,
			);
			runOnlyForDeploymentPostprocessing = 0;
		};
		101F10601CC468440082789C /* Sources */ = {
			isa = PBXSourcesBuildPhase;
			buildActionMask = 2147483647;
			files = (
				101F10691CC468440082789C /* lunboUITests.m in Sources */,
			);
			runOnlyForDeploymentPostprocessing = 0;
		};
/* End PBXSourcesBuildPhase section */

/* Begin PBXTargetDependency section */
		101F105B1CC468440082789C /* PBXTargetDependency */ = {
			isa = PBXTargetDependency;
			target = 101F103C1CC468440082789C /* lunbo */;
			targetProxy = 101F105A1CC468440082789C /* PBXContainerItemProxy */;
		};
		101F10661CC468440082789C /* PBXTargetDependency */ = {
			isa = PBXTargetDependency;
			target = 101F103C1CC468440082789C /* lunbo */;
			targetProxy = 101F10651CC468440082789C /* PBXContainerItemProxy */;
		};
/* End PBXTargetDependency section */

/* Begin PBXVariantGroup section */
		101F10491CC468440082789C /* Main.storyboard */ = {
			isa = PBXVariantGroup;
			children = (
				101F104A1CC468440082789C /* Base */,
			);
			name = Main.storyboard;
			sourceTree = "<group>";
		};
		101F10511CC468440082789C /* LaunchScreen.storyboard */ = {
			isa = PBXVariantGroup;
			children = (
				101F10521CC468440082789C /* Base */,
			);
			name = LaunchScreen.storyboard;
			sourceTree = "<group>";
		};
/* End PBXVariantGroup section */

/* Begin XCBuildConfiguration section */
		101F106B1CC468440082789C /* Debug */ = {
			isa = XCBuildConfiguration;
			buildSettings = {
				ALWAYS_SEARCH_USER_PATHS = NO;
				CLANG_CXX_LANGUAGE_STANDARD = "gnu++0x";
				CLANG_CXX_LIBRARY = "libc++";
				CLANG_ENABLE_MODULES = YES;
				CLANG_ENABLE_OBJC_ARC = YES;
				CLANG_WARN_BOOL_CONVERSION = YES;
				CLANG_WARN_CONSTANT_CONVERSION = YES;
				CLANG_WARN_DIRECT_OBJC_ISA_USAGE = YES_ERROR;
				CLANG_WARN_EMPTY_BODY = YES;
				CLANG_WARN_ENUM_CONVERSION = YES;
				CLANG_WARN_INT_CONVERSION = YES;
				CLANG_WARN_OBJC_ROOT_CLASS = YES_ERROR;
				CLANG_WARN_UNREACHABLE_CODE = YES;
				CLANG_WARN__DUPLICATE_METHOD_MATCH = YES;
				"CODE_SIGN_IDENTITY[sdk=iphoneos*]" = "iPhone Developer";
				COPY_PHASE_STRIP = NO;
				DEBUG_INFORMATION_FORMAT = dwarf;
				ENABLE_STRICT_OBJC_MSGSEND = YES;
				ENABLE_TESTABILITY = YES;
				GCC_C_LANGUAGE_STANDARD = gnu99;
				GCC_DYNAMIC_NO_PIC = NO;
				GCC_NO_COMMON_BLOCKS = YES;
				GCC_OPTIMIZATION_LEVEL = 0;
				GCC_PREPROCESSOR_DEFINITIONS = (
					"DEBUG=1",
					"$(inherited)",
				);
				GCC_WARN_64_TO_32_BIT_CONVERSION = YES;
				GCC_WARN_ABOUT_RETURN_TYPE = YES_ERROR;
				GCC_WARN_UNDECLARED_SELECTOR = YES;
				GCC_WARN_UNINITIALIZED_AUTOS = YES_AGGRESSIVE;
				GCC_WARN_UNUSED_FUNCTION = YES;
				GCC_WARN_UNUSED_VARIABLE = YES;
				IPHONEOS_DEPLOYMENT_TARGET = 9.2;
				MTL_ENABLE_DEBUG_INFO = YES;
				ONLY_ACTIVE_ARCH = YES;
				SDKROOT = iphoneos;
			};
			name = Debug;
		};
		101F106C1CC468440082789C /* Release */ = {
			isa = XCBuildConfiguration;
			buildSettings = {
				ALWAYS_SEARCH_USER_PATHS = NO;
				CLANG_CXX_LANGUAGE_STANDARD = "gnu++0x";
				CLANG_CXX_LIBRARY = "libc++";
				CLANG_ENABLE_MODULES = YES;
				CLANG_ENABLE_OBJC_ARC = YES;
				CLANG_WARN_BOOL_CONVERSION = YES;
				CLANG_WARN_CONSTANT_CONVERSION = YES;
				CLANG_WARN_DIRECT_OBJC_ISA_USAGE = YES_ERROR;
				CLANG_WARN_EMPTY_BODY = YES;
				CLANG_WARN_ENUM_CONVERSION = YES;
				CLANG_WARN_INT_CONVERSION = YES;
				CLANG_WARN_OBJC_ROOT_CLASS = YES_ERROR;
				CLANG_WARN_UNREACHABLE_CODE = YES;
				CLANG_WARN__DUPLICATE_METHOD_MATCH = YES;
				"CODE_SIGN_IDENTITY[sdk=iphoneos*]" = "iPhone Developer";
				COPY_PHASE_STRIP = NO;
				DEBUG_INFORMATION_FORMAT = "dwarf-with-dsym";
				ENABLE_NS_ASSERTIONS = NO;
				ENABLE_STRICT_OBJC_MSGSEND = YES;
				GCC_C_LANGUAGE_STANDARD = gnu99;
				GCC_NO_COMMON_BLOCKS = YES;
				GCC_WARN_64_TO_32_BIT_CONVERSION = YES;
				GCC_WARN_ABOUT_RETURN_TYPE = YES_ERROR;
				GCC_WARN_UNDECLARED_SELECTOR = YES;
				GCC_WARN_UNINITIALIZED_AUTOS = YES_AGGRESSIVE;
				GCC_WARN_UNUSED_FUNCTION = YES;
				GCC_WARN_UNUSED_VARIABLE = YES;
				IPHONEOS_DEPLOYMENT_TARGET = 9.2;
				MTL_ENABLE_DEBUG_INFO = NO;
				SDKROOT = iphoneos;
				VALIDATE_PRODUCT = YES;
			};
			name = Release;
		};
		101F106E1CC468440082789C /* Debug */ = {
			isa = XCBuildConfiguration;
			buildSettings = {
				ASSETCATALOG_COMPILER_APPICON_NAME = AppIcon;
				INFOPLIST_FILE = lunbo/Info.plist;
				LD_RUNPATH_SEARCH_PATHS = "$(inherited) @executable_path/Frameworks";
				PRODUCT_BUNDLE_IDENTIFIER = gbs.lunbo;
				PRODUCT_NAME = "$(TARGET_NAME)";
			};
			name = Debug;
		};
		101F106F1CC468440082789C /* Release */ = {
			isa = XCBuildConfiguration;
			buildSettings = {
				ASSETCATALOG_COMPILER_APPICON_NAME = AppIcon;
				INFOPLIST_FILE = lunbo/Info.plist;
				LD_RUNPATH_SEARCH_PATHS = "$(inherited) @executable_path/Frameworks";
				PRODUCT_BUNDLE_IDENTIFIER = gbs.lunbo;
				PRODUCT_NAME = "$(TARGET_NAME)";
			};
			name = Release;
		};
		101F10711CC468440082789C /* Debug */ = {
			isa = XCBuildConfiguration;
			buildSettings = {
				BUNDLE_LOADER = "$(TEST_HOST)";
				INFOPLIST_FILE = lunboTests/Info.plist;
				LD_RUNPATH_SEARCH_PATHS = "$(inherited) @executable_path/Frameworks @loader_path/Frameworks";
				PRODUCT_BUNDLE_IDENTIFIER = gbs.lunboTests;
				PRODUCT_NAME = "$(TARGET_NAME)";
				TEST_HOST = "$(BUILT_PRODUCTS_DIR)/lunbo.app/lunbo";
			};
			name = Debug;
		};
		101F10721CC468440082789C /* Release */ = {
			isa = XCBuildConfiguration;
			buildSettings = {
				BUNDLE_LOADER = "$(TEST_HOST)";
				INFOPLIST_FILE = lunboTests/Info.plist;
				LD_RUNPATH_SEARCH_PATHS = "$(inherited) @executable_path/Frameworks @loader_path/Frameworks";
				PRODUCT_BUNDLE_IDENTIFIER = gbs.lunboTests;
				PRODUCT_NAME = "$(TARGET_NAME)";
				TEST_HOST = "$(BUILT_PRODUCTS_DIR)/lunbo.app/lunbo";
			};
			name = Release;
		};
		101F10741CC468440082789C /* Debug */ = {
			isa = XCBuildConfiguration;
			buildSettings = {
				INFOPLIST_FILE = lunboUITests/Info.plist;
				LD_RUNPATH_SEARCH_PATHS = "$(inherited) @executable_path/Frameworks @loader_path/Frameworks";
				PRODUCT_BUNDLE_IDENTIFIER = gbs.lunboUITests;
				PRODUCT_NAME = "$(TARGET_NAME)";
				TEST_TARGET_NAME = lunbo;
				USES_XCTRUNNER = YES;
			};
			name = Debug;
		};
		101F10751CC468440082789C /* Release */ = {
			isa = XCBuildConfiguration;
			buildSettings = {
				INFOPLIST_FILE = lunboUITests/Info.plist;
				LD_RUNPATH_SEARCH_PATHS = "$(inherited) @executable_path/Frameworks @loader_path/Frameworks";
				PRODUCT_BUNDLE_IDENTIFIER = gbs.lunboUITests;
				PRODUCT_NAME = "$(TARGET_NAME)";
				TEST_TARGET_NAME = lunbo;
				USES_XCTRUNNER = YES;
			};
			name = Release;
		};
/* End XCBuildConfiguration section */

/* Begin XCConfigurationList section */
		101F10381CC468440082789C /* Build configuration list for PBXProject "lunbo" */ = {
			isa = XCConfigurationList;
			buildConfigurations = (
				101F106B1CC468440082789C /* Debug */,
				101F106C1CC468440082789C /* Release */,
			);
			defaultConfigurationIsVisible = 0;
			defaultConfigurationName = Release;
		};
		101F106D1CC468440082789C /* Build configuration list for PBXNativeTarget "lunbo" */ = {
			isa = XCConfigurationList;
			buildConfigurations = (
				101F106E1CC468440082789C /* Debug */,
				101F106F1CC468440082789C /* Release */,
			);
			defaultConfigurationIsVisible = 0;
		};
		101F10701CC468440082789C /* Build configuration list for PBXNativeTarget "lunboTests" */ = {
			isa = XCConfigurationList;
			buildConfigurations = (
				101F10711CC468440082789C /* Debug */,
				101F10721CC468440082789C /* Release */,
			);
			defaultConfigurationIsVisible = 0;
		};
		101F10731CC468440082789C /* Build configuration list for PBXNativeTarget "lunboUITests" */ = {
			isa = XCConfigurationList;
			buildConfigurations = (
				101F10741CC468440082789C /* Debug */,
				101F10751CC468440082789C /* Release */,
			);
			defaultConfigurationIsVisible = 0;
		};
/* End XCConfigurationList section */

/* Begin XCVersionGroup section */
		101F104C1CC468440082789C /* lunbo.xcdatamodeld */ = {
			isa = XCVersionGroup;
			children = (
				101F104D1CC468440082789C /* lunbo.xcdatamodel */,
			);
			currentVersion = 101F104D1CC468440082789C /* lunbo.xcdatamodel */;
			path = lunbo.xcdatamodeld;
			sourceTree = "<group>";
			versionGroupType = wrapper.xcdatamodel;
		};
/* End XCVersionGroup section */
	};
	rootObject = 101F10351CC468440082789C /* Project object */;
}
